# THIS IS AN AUTOGENERATED FILE. DO NOT EDIT THIS FILE DIRECTLY.
# yarn lockfile v1


"@babel/helper-validator-identifier@^7.16.7":
  version "7.16.7"
  resolved "http://npm-registry.megvii-inc.com/@babel%2fhelper-validator-identifier/-/helper-validator-identifier-7.16.7.tgz#e8c602438c4a8195751243da9031d1607d247cad"
  integrity sha512-hsEnFemeiW4D08A5gUAZxLBTXpZ39P+a+DGDsHw1yxqyQ/jzFEnxf5uTEGp+3bzAbNOxU1paTgYS4ECU/IgfDw==

"@babel/parser@^7.16.4", "@babel/parser@^7.6.0", "@babel/parser@^7.9.6":
  version "7.17.0"
  resolved "http://npm-registry.megvii-inc.com/@babel%2fparser/-/parser-7.17.0.tgz#f0ac33eddbe214e4105363bb17c3341c5ffcc43c"
  integrity sha512-VKXSCQx5D8S04ej+Dqsr1CzYvvWgf20jIw2D+YhQCrIlr2UZGaDds23Y0xg75/skOxpLCRpUZvk/1EAVkGoDOw==

"@babel/types@^7.6.1", "@babel/types@^7.9.6":
  version "7.17.0"
  resolved "http://npm-registry.megvii-inc.com/@babel%2ftypes/-/types-7.17.0.tgz#a826e368bccb6b3d84acd76acad5c0d87342390b"
  integrity sha512-TmKSNO4D5rzhL5bjWFcVHHLETzfQ/AmbKpKPOSjlP0WoHZ6L911fgoOKY4Alp/emzG4cHJdyN49zpgkbXFEHHw==
  dependencies:
    "@babel/helper-validator-identifier" "^7.16.7"
    to-fast-properties "^2.0.0"

"@emmetio/abbreviation@^2.2.2":
  version "2.2.2"
  resolved "http://npm-registry.megvii-inc.com/@emmetio%2fabbreviation/-/abbreviation-2.2.2.tgz#746762fd9e7a8c2ea604f580c62e3cfe250e6989"
  integrity sha1-dGdi/Z56jC6mBPWAxi48/iUOaYk=
  dependencies:
    "@emmetio/scanner" "^1.0.0"

"@emmetio/css-abbreviation@^2.1.4":
  version "2.1.4"
  resolved "http://npm-registry.megvii-inc.com/@emmetio%2fcss-abbreviation/-/css-abbreviation-2.1.4.tgz#90362e8a1122ce3b76f6c3157907d30182f53f54"
  integrity sha1-kDYuihEizjt29sMVeQfTAYL1P1Q=
  dependencies:
    "@emmetio/scanner" "^1.0.0"

"@emmetio/scanner@^1.0.0":
  version "1.0.0"
  resolved "http://npm-registry.megvii-inc.com/@emmetio%2fscanner/-/scanner-1.0.0.tgz#065b2af6233fe7474d44823e3deb89724af42b5f"
  integrity sha1-Blsq9iM/50dNRII+PeuJckr0K18=

"@types/node@^17.0.15":
  version "17.0.15"
  resolved "http://npm-registry.megvii-inc.com/@types%2fnode/-/node-17.0.15.tgz#97779282c09c09577120a2162e71d8380003590a"
  integrity sha512-zWt4SDDv1S9WRBNxLFxFRHxdD9tvH8f5/kg5/IaLFdnSNXsDY4eL3Q3XXN+VxUnWIhyVFDwcsmAprvwXoM/ClA==

"@vitejs/plugin-vue@^2.0.0":
  version "2.1.0"
  resolved "http://npm-registry.megvii-inc.com/@vitejs%2fplugin-vue/-/plugin-vue-2.1.0.tgz#ddf5e0059f84f2ff649afc25ce5a59211e670542"
  integrity sha512-AZ78WxvFMYd8JmM/GBV6a6SGGTU0GgN/0/4T+FnMMsLzFEzTeAUwuraapy50ifHZsC+G5SvWs86bvaCPTneFlA==

"@volar/code-gen@0.29.8":
  version "0.29.8"
  resolved "http://npm-registry.megvii-inc.com/@volar%2fcode-gen/-/code-gen-0.29.8.tgz#db1a4bf29caeba131265bed9dbe96a1a0b66ea35"
  integrity sha512-eohLLUqPChHRPDFT5gXn4V6pr/CeTri7Ou5GI26lUvBRRAbP8p+oYfQRcbMPGeKmVkYjfVj0chsxQGx6T8PQ4Q==
  dependencies:
    "@volar/shared" "0.29.8"
    "@volar/source-map" "0.29.8"

"@volar/html2pug@0.29.8":
  version "0.29.8"
  resolved "http://npm-registry.megvii-inc.com/@volar%2fhtml2pug/-/html2pug-0.29.8.tgz#2e97fa2968dcdfe0dbbc67b0cd2ab4c440018738"
  integrity sha512-bhSNXg8A2aD3w0B+CwmHjqCAaKtj5rORbE5C/q/UdGqptJbC6STCmi30KuRTdfPhR++Xb18Hauf3s/WCmtNAPA==
  dependencies:
    domelementtype "^2.2.0"
    domhandler "^4.2.2"
    htmlparser2 "^7.1.2"
    pug "^3.0.2"

"@volar/shared@0.29.8":
  version "0.29.8"
  resolved "http://npm-registry.megvii-inc.com/@volar%2fshared/-/shared-0.29.8.tgz#e635ddf2cbcf307da932eb4b98e33c320d3d2991"
  integrity sha512-Y1NN6irkIukD+T0wf4p/dHWYL90sacN2e2lYoDXxRlvoYxwANnHgw0J0Rcp+yw58ElWRScdG7/YntEIuZWeJsw==
  dependencies:
    upath "^2.0.1"
    vscode-jsonrpc "^8.0.0-next.2"
    vscode-uri "^3.0.2"

"@volar/source-map@0.29.8":
  version "0.29.8"
  resolved "http://npm-registry.megvii-inc.com/@volar%2fsource-map/-/source-map-0.29.8.tgz#3299a0ae86ae0b72b4db3e50499d8bb285d8e9b2"
  integrity sha512-7w+UoYtnc6UQu30CgMVvx0YN4dzDgP4TIsSmUaW62AGmxU9Lxwp3Kkn/4N8efi91z8ma5Z78v/HddyJPwAC3LA==
  dependencies:
    "@volar/shared" "0.29.8"

"@volar/transforms@0.29.8":
  version "0.29.8"
  resolved "http://npm-registry.megvii-inc.com/@volar%2ftransforms/-/transforms-0.29.8.tgz#ef807010ac90772a065e7cf50509b6433b53e355"
  integrity sha512-o2hRa8CoDwYTO1Mu5KA47+1elUnYUjDaVhCvbyKlRfd8qpHea2llotArq7B6OORSL2M9DVs1IRJ5NGURBFeZ3Q==
  dependencies:
    "@volar/shared" "0.29.8"
    vscode-languageserver "^8.0.0-next.2"

"@volar/vue-code-gen@0.29.8":
  version "0.29.8"
  resolved "http://npm-registry.megvii-inc.com/@volar%2fvue-code-gen/-/vue-code-gen-0.29.8.tgz#32401d52e2570d775fcc6cbc83abefeef65c48cd"
  integrity sha512-E1e7P2oktNC/DzgDBditfla4s8+HlUlluZ+BtcLvEdbkl3QEjujkB0x1wxguWzXmpWgLIDPtrS3Jzll5cCOkTg==
  dependencies:
    "@volar/code-gen" "0.29.8"
    "@volar/shared" "0.29.8"
    "@volar/source-map" "0.29.8"
    "@vue/compiler-core" "^3.2.21"
    "@vue/compiler-dom" "^3.2.21"
    "@vue/shared" "^3.2.21"
    upath "^2.0.1"

"@vscode/emmet-helper@^2.8.0":
  version "2.8.3"
  resolved "http://npm-registry.megvii-inc.com/@vscode%2femmet-helper/-/emmet-helper-2.8.3.tgz#f7c2b4a4751d03bcf2b421f0fce5b521a0f64a18"
  integrity sha512-dkTSL+BaBBS8gFgPm/GMOU+XfxaMyI+Fl1IUYxEi8Iv24RfHf9/q2eCpV2hs7sncLcoKWEbMYe5gv4Ppmp2Oxw==
  dependencies:
    emmet "^2.3.0"
    jsonc-parser "^2.3.0"
    vscode-languageserver-textdocument "^1.0.1"
    vscode-languageserver-types "^3.15.1"
    vscode-nls "^5.0.0"
    vscode-uri "^2.1.2"

"@vue/compiler-core@3.2.30", "@vue/compiler-core@^3.2.21":
  version "3.2.30"
  resolved "http://npm-registry.megvii-inc.com/@vue%2fcompiler-core/-/compiler-core-3.2.30.tgz#6c5b362490930e72de8d033270a145e3830ae5c4"
  integrity sha512-64fq1KfcR+k3Vlw+IsBM2VhV5B+2IP3YxvKU8LWCDLrkmlXtbf2eMK6+0IwX5KP41D0f1gzryIiXR7P8cB9O5Q==
  dependencies:
    "@babel/parser" "^7.16.4"
    "@vue/shared" "3.2.30"
    estree-walker "^2.0.2"
    source-map "^0.6.1"

"@vue/compiler-dom@3.2.30", "@vue/compiler-dom@^3.2.21":
  version "3.2.30"
  resolved "http://npm-registry.megvii-inc.com/@vue%2fcompiler-dom/-/compiler-dom-3.2.30.tgz#ed15e6243227baeaa445d04df804aee6e4926eab"
  integrity sha512-t7arHz2SXLCXlF2fdGDFVbhENbGMez254Z5edUqb//6WXJU1lC7GvSkUE7i5x8WSjgfqt60i0V8zdmk16rvLdw==
  dependencies:
    "@vue/compiler-core" "3.2.30"
    "@vue/shared" "3.2.30"

"@vue/compiler-sfc@3.2.30":
  version "3.2.30"
  resolved "http://npm-registry.megvii-inc.com/@vue%2fcompiler-sfc/-/compiler-sfc-3.2.30.tgz#9d2e56adb859059551fc1204bc37503f168c4d0c"
  integrity sha512-P/5YpILtcQY92z72gxhkyOUPHVskEzhSrvYi91Xcr+csOxaDaYU5OqOxCzZKcf3Og70Tat404vO1OHrwprN90A==
  dependencies:
    "@babel/parser" "^7.16.4"
    "@vue/compiler-core" "3.2.30"
    "@vue/compiler-dom" "3.2.30"
    "@vue/compiler-ssr" "3.2.30"
    "@vue/reactivity-transform" "3.2.30"
    "@vue/shared" "3.2.30"
    estree-walker "^2.0.2"
    magic-string "^0.25.7"
    postcss "^8.1.10"
    source-map "^0.6.1"

"@vue/compiler-ssr@3.2.30":
  version "3.2.30"
  resolved "http://npm-registry.megvii-inc.com/@vue%2fcompiler-ssr/-/compiler-ssr-3.2.30.tgz#fc2bc13a9cdfd70fcffab3f0bc7de141cd9c3411"
  integrity sha512-OUh3MwAu/PsD7VN3UOdBbTkltkrUCNouSht47+CMRzpUR5+ta7+xyMAVHeq8wg4YZenWaJimbR5TL35Ka4Vk6g==
  dependencies:
    "@vue/compiler-dom" "3.2.30"
    "@vue/shared" "3.2.30"

"@vue/devtools-api@^6.0.0-beta.18":
  version "6.0.0"
  resolved "http://npm-registry.megvii-inc.com/@vue%2fdevtools-api/-/devtools-api-6.0.0.tgz#f690a9776ab3c19f5605f4b10daf31a10221a405"
  integrity sha512-v6i9kWtUZ3iiOGOj43tkisp0o5RJ9jOG3/tDA48J51TZt31DG4sr49mjaZOG8CkWFVE52bkzyozZmwcNrGNviQ==

"@vue/reactivity-transform@3.2.30":
  version "3.2.30"
  resolved "http://npm-registry.megvii-inc.com/@vue%2freactivity-transform/-/reactivity-transform-3.2.30.tgz#2006e9f4645777a481b78ae77fc486159afa8480"
  integrity sha512-Le5XzCJyK3qTjoTnvQG/Ehu8fYjayauMNFyMaEnwFlm/avDofpuibpS9u+/6AgzsGnVWN+i0Jgf25bJd9DIwMw==
  dependencies:
    "@babel/parser" "^7.16.4"
    "@vue/compiler-core" "3.2.30"
    "@vue/shared" "3.2.30"
    estree-walker "^2.0.2"
    magic-string "^0.25.7"

"@vue/reactivity@3.2.30", "@vue/reactivity@^3.2.21":
  version "3.2.30"
  resolved "http://npm-registry.megvii-inc.com/@vue%2freactivity/-/reactivity-3.2.30.tgz#fdae2bb66d075c34593ea7e15c6831300a1ad39e"
  integrity sha512-qlNKbkRn2JiGxVUEdoXbLAy+vcuHUCcq+YH2uXWz0BNMvXY2plmz+oqsw+694llwmYLkke5lbdYF4DIupisIkg==
  dependencies:
    "@vue/shared" "3.2.30"

"@vue/runtime-core@3.2.30":
  version "3.2.30"
  resolved "http://npm-registry.megvii-inc.com/@vue%2fruntime-core/-/runtime-core-3.2.30.tgz#1acc119ff8a49c06af6b03611bc4e03f464ca8a2"
  integrity sha512-RTi7xH0Ht/6wfbo2WFBMJTEiyWFTqGhrksJm8lz6E+auO6lXZ6Eq3gPNfLt47GDWCm4xyrv+rs5R4UbarPEQ1Q==
  dependencies:
    "@vue/reactivity" "3.2.30"
    "@vue/shared" "3.2.30"

"@vue/runtime-dom@3.2.30":
  version "3.2.30"
  resolved "http://npm-registry.megvii-inc.com/@vue%2fruntime-dom/-/runtime-dom-3.2.30.tgz#16a85b359ea1fff9b1dd61e9d00e93f4652aba5e"
  integrity sha512-a3+jrncDvEFQmB+v9k0VyT4/Y3XO6OAueCroXXY4yLyr6PJeyxljweV5TzvW0rvVzH9sZO0QAvG76Lo+6C92Qw==
  dependencies:
    "@vue/runtime-core" "3.2.30"
    "@vue/shared" "3.2.30"
    csstype "^2.6.8"

"@vue/server-renderer@3.2.30":
  version "3.2.30"
  resolved "http://npm-registry.megvii-inc.com/@vue%2fserver-renderer/-/server-renderer-3.2.30.tgz#4acccad3933475d07b94560c6cb205363975b969"
  integrity sha512-pzb8J/w+JdZVOtuKFlirGqrs4GP60FXGDJySw3WV2pCetuFstaacDrnymEeSo3ohAD+Qjv7zAG+Y7OvkdxQxmQ==
  dependencies:
    "@vue/compiler-ssr" "3.2.30"
    "@vue/shared" "3.2.30"

"@vue/shared@3.2.30", "@vue/shared@^3.2.21":
  version "3.2.30"
  resolved "http://npm-registry.megvii-inc.com/@vue%2fshared/-/shared-3.2.30.tgz#e2ba8f6692399c27c81c668ecd3f1a4e13ee2f5e"
  integrity sha512-B3HouBtUxcfu2w2d+VhdLcVBXKYYhXiFMAfQ+hoe8NUhKkPRkWDIqhpuehCZxVQ3S2dN1P1WfKGlxGC+pfmxGg==

acorn@^7.1.1:
  version "7.4.1"
  resolved "http://npm-registry.megvii-inc.com/acorn/-/acorn-7.4.1.tgz#feaed255973d2e77555b83dbc08851a6c63520fa"
  integrity sha1-/q7SVZc9LndVW4PbwIhRpsY1IPo=

anymatch@~3.1.2:
  version "3.1.2"
  resolved "http://npm-registry.megvii-inc.com/anymatch/-/anymatch-3.1.2.tgz#c0557c096af32f106198f4f4e2a383537e378716"
  integrity sha1-wFV8CWrzLxBhmPT04qODU343hxY=
  dependencies:
    normalize-path "^3.0.0"
    picomatch "^2.0.4"

argparse@^1.0.7:
  version "1.0.10"
  resolved "http://npm-registry.megvii-inc.com/argparse/-/argparse-1.0.10.tgz#bcd6791ea5ae09725e17e5ad988134cd40b3d911"
  integrity sha1-vNZ5HqWuCXJeF+WtmIE0zUCz2RE=
  dependencies:
    sprintf-js "~1.0.2"

argparse@^2.0.1:
  version "2.0.1"
  resolved "http://npm-registry.megvii-inc.com/argparse/-/argparse-2.0.1.tgz#246f50f3ca78a3240f6c997e8a9bd1eac49e4b38"
  integrity sha1-JG9Q88p4oyQPbJl+ipvR6sSeSzg=

asap@~2.0.3:
  version "2.0.6"
  resolved "http://npm-registry.megvii-inc.com/asap/-/asap-2.0.6.tgz#e50347611d7e690943208bbdafebcbc2fb866d46"
  integrity sha1-5QNHYR1+aQlDIIu9r+vLwvuGbUY=

assert-never@^1.2.1:
  version "1.2.1"
  resolved "http://npm-registry.megvii-inc.com/assert-never/-/assert-never-1.2.1.tgz#11f0e363bf146205fb08193b5c7b90f4d1cf44fe"
  integrity sha1-EfDjY78UYgX7CBk7XHuQ9NHPRP4=

babel-walk@3.0.0-canary-5:
  version "3.0.0-canary-5"
  resolved "http://npm-registry.megvii-inc.com/babel-walk/-/babel-walk-3.0.0-canary-5.tgz#f66ecd7298357aee44955f235a6ef54219104b11"
  integrity sha1-9m7Ncpg1eu5ElV8jWm71QhkQSxE=
  dependencies:
    "@babel/types" "^7.9.6"

binary-extensions@^2.0.0:
  version "2.2.0"
  resolved "http://npm-registry.megvii-inc.com/binary-extensions/-/binary-extensions-2.2.0.tgz#75f502eeaf9ffde42fc98829645be4ea76bd9e2d"
  integrity sha1-dfUC7q+f/eQvyYgpZFvk6na9ni0=

braces@~3.0.2:
  version "3.0.2"
  resolved "http://npm-registry.megvii-inc.com/braces/-/braces-3.0.2.tgz#3454e1a462ee8d599e236df336cd9ea4f8afe107"
  integrity sha1-NFThpGLujVmeI23zNs2epPiv4Qc=
  dependencies:
    fill-range "^7.0.1"

call-bind@^1.0.2:
  version "1.0.2"
  resolved "http://npm-registry.megvii-inc.com/call-bind/-/call-bind-1.0.2.tgz#b1d4e89e688119c3c9a903ad30abb2f6a919be3c"
  integrity sha1-sdTonmiBGcPJqQOtMKuy9qkZvjw=
  dependencies:
    function-bind "^1.1.1"
    get-intrinsic "^1.0.2"

character-parser@^2.2.0:
  version "2.2.0"
  resolved "http://npm-registry.megvii-inc.com/character-parser/-/character-parser-2.2.0.tgz#c7ce28f36d4bcd9744e5ffc2c5fcde1c73261fc0"
  integrity sha1-x84o821LzZdE5f/CxfzeHHMmH8A=
  dependencies:
    is-regex "^1.0.3"

"chokidar@>=3.0.0 <4.0.0":
  version "3.5.3"
  resolved "http://npm-registry.megvii-inc.com/chokidar/-/chokidar-3.5.3.tgz#1cf37c8707b932bd1af1ae22c0432e2acd1903bd"
  integrity sha512-Dr3sfKRP6oTcjf2JmUmFJfeVMvXBdegxB0iVQ5eb2V10uFJUCAS8OByZdVAyVb8xXNz3GjjTgj9kLWsZTqE6kw==
  dependencies:
    anymatch "~3.1.2"
    braces "~3.0.2"
    glob-parent "~5.1.2"
    is-binary-path "~2.1.0"
    is-glob "~4.0.1"
    normalize-path "~3.0.0"
    readdirp "~3.6.0"
  optionalDependencies:
    fsevents "~2.3.2"

constantinople@^4.0.1:
  version "4.0.1"
  resolved "http://npm-registry.megvii-inc.com/constantinople/-/constantinople-4.0.1.tgz#0def113fa0e4dc8de83331a5cf79c8b325213151"
  integrity sha1-De8RP6Dk3I3oMzGlz3nIsyUhMVE=
  dependencies:
    "@babel/parser" "^7.6.0"
    "@babel/types" "^7.6.1"

csstype@^2.6.8:
  version "2.6.19"
  resolved "http://npm-registry.megvii-inc.com/csstype/-/csstype-2.6.19.tgz#feeb5aae89020bb389e1f63669a5ed490e391caa"
  integrity sha1-/utarokCC7OJ4fY2aaXtSQ45HKo=

doctypes@^1.1.0:
  version "1.1.0"
  resolved "http://npm-registry.megvii-inc.com/doctypes/-/doctypes-1.1.0.tgz#ea80b106a87538774e8a3a4a5afe293de489e0a9"
  integrity sha1-6oCxBqh1OHdOijpKWv4pPeSJ4Kk=

dom-serializer@^1.0.1:
  version "1.3.2"
  resolved "http://npm-registry.megvii-inc.com/dom-serializer/-/dom-serializer-1.3.2.tgz#6206437d32ceefaec7161803230c7a20bc1b4d91"
  integrity sha1-YgZDfTLO767HFhgDIwx6ILwbTZE=
  dependencies:
    domelementtype "^2.0.1"
    domhandler "^4.2.0"
    entities "^2.0.0"

domelementtype@^2.0.1, domelementtype@^2.2.0:
  version "2.2.0"
  resolved "http://npm-registry.megvii-inc.com/domelementtype/-/domelementtype-2.2.0.tgz#9a0b6c2782ed6a1c7323d42267183df9bd8b1d57"
  integrity sha1-mgtsJ4LtahxzI9QiZxg9+b2LHVc=

domhandler@^4.0.0, domhandler@^4.2.0, domhandler@^4.2.2:
  version "4.3.0"
  resolved "http://npm-registry.megvii-inc.com/domhandler/-/domhandler-4.3.0.tgz#16c658c626cf966967e306f966b431f77d4a5626"
  integrity sha512-fC0aXNQXqKSFTr2wDNZDhsEYjCiYsDWl3D01kwt25hm1YIPyDGHvvi3rw+PLqHAl/m71MaiF7d5zvBr0p5UB2g==
  dependencies:
    domelementtype "^2.2.0"

domutils@^2.5.2, domutils@^2.8.0:
  version "2.8.0"
  resolved "http://npm-registry.megvii-inc.com/domutils/-/domutils-2.8.0.tgz#4437def5db6e2d1f5d6ee859bd95ca7d02048135"
  integrity sha1-RDfe9dtuLR9dbuhZvZXKfQIEgTU=
  dependencies:
    dom-serializer "^1.0.1"
    domelementtype "^2.2.0"
    domhandler "^4.2.0"

emmet@^2.3.0:
  version "2.3.5"
  resolved "http://npm-registry.megvii-inc.com/emmet/-/emmet-2.3.5.tgz#7f80f9c3db6831d1ee2b458717b9c36a074b1a47"
  integrity sha512-LcWfTamJnXIdMfLvJEC5Ld3hY5/KHXgv1L1bp6I7eEvB0ZhacHZ1kX0BYovJ8FroEsreLcq7n7kZhRMsf6jkXQ==
  dependencies:
    "@emmetio/abbreviation" "^2.2.2"
    "@emmetio/css-abbreviation" "^2.1.4"

entities@^2.0.0:
  version "2.2.0"
  resolved "http://npm-registry.megvii-inc.com/entities/-/entities-2.2.0.tgz#098dc90ebb83d8dffa089d55256b351d34c4da55"
  integrity sha1-CY3JDruD2N/6CJ1VJWs1HTTE2lU=

entities@^3.0.1:
  version "3.0.1"
  resolved "http://npm-registry.megvii-inc.com/entities/-/entities-3.0.1.tgz#2b887ca62585e96db3903482d336c1006c3001d4"
  integrity sha1-K4h8piWF6W2zkDSC0zbBAGwwAdQ=

entities@~2.1.0:
  version "2.1.0"
  resolved "http://npm-registry.megvii-inc.com/entities/-/entities-2.1.0.tgz#992d3129cf7df6870b96c57858c249a120f8b8b5"
  integrity sha1-mS0xKc999ocLlsV4WMJJoSD4uLU=

esbuild-android-arm64@0.13.15:
  version "0.13.15"
  resolved "http://npm-registry.megvii-inc.com/esbuild-android-arm64/-/esbuild-android-arm64-0.13.15.tgz#3fc3ff0bab76fe35dd237476b5d2b32bb20a3d44"
  integrity sha1-P8P/C6t2/jXdI3R2tdKzK7IKPUQ=

esbuild-darwin-64@0.13.15:
  version "0.13.15"
  resolved "http://npm-registry.megvii-inc.com/esbuild-darwin-64/-/esbuild-darwin-64-0.13.15.tgz#8e9169c16baf444eacec60d09b24d11b255a8e72"
  integrity sha1-jpFpwWuvRE6s7GDQmyTRGyVajnI=

esbuild-darwin-arm64@0.13.15:
  version "0.13.15"
  resolved "http://npm-registry.megvii-inc.com/esbuild-darwin-arm64/-/esbuild-darwin-arm64-0.13.15.tgz#1b07f893b632114f805e188ddfca41b2b778229a"
  integrity sha1-Gwf4k7YyEU+AXhiN38pBsrd4Ipo=

esbuild-freebsd-64@0.13.15:
  version "0.13.15"
  resolved "http://npm-registry.megvii-inc.com/esbuild-freebsd-64/-/esbuild-freebsd-64-0.13.15.tgz#0b8b7eca1690c8ec94c75680c38c07269c1f4a85"
  integrity sha1-C4t+yhaQyOyUx1aAw4wHJpwfSoU=

esbuild-freebsd-arm64@0.13.15:
  version "0.13.15"
  resolved "http://npm-registry.megvii-inc.com/esbuild-freebsd-arm64/-/esbuild-freebsd-arm64-0.13.15.tgz#2e1a6c696bfdcd20a99578b76350b41db1934e52"
  integrity sha1-LhpsaWv9zSCplXi3Y1C0HbGTTlI=

esbuild-linux-32@0.13.15:
  version "0.13.15"
  resolved "http://npm-registry.megvii-inc.com/esbuild-linux-32/-/esbuild-linux-32-0.13.15.tgz#6fd39f36fc66dd45b6b5f515728c7bbebc342a69"
  integrity sha1-b9OfNvxm3UW2tfUVcox7vrw0Kmk=

esbuild-linux-64@0.13.15:
  version "0.13.15"
  resolved "http://npm-registry.megvii-inc.com/esbuild-linux-64/-/esbuild-linux-64-0.13.15.tgz#9cb8e4bcd7574e67946e4ee5f1f1e12386bb6dd3"
  integrity sha1-nLjkvNdXTmeUbk7l8fHhI4a7bdM=

esbuild-linux-arm64@0.13.15:
  version "0.13.15"
  resolved "http://npm-registry.megvii-inc.com/esbuild-linux-arm64/-/esbuild-linux-arm64-0.13.15.tgz#3891aa3704ec579a1b92d2a586122e5b6a2bfba1"
  integrity sha1-OJGqNwTsV5obktKlhhIuW2or+6E=

esbuild-linux-arm@0.13.15:
  version "0.13.15"
  resolved "http://npm-registry.megvii-inc.com/esbuild-linux-arm/-/esbuild-linux-arm-0.13.15.tgz#8a00e99e6a0c6c9a6b7f334841364d8a2b4aecfe"
  integrity sha1-igDpnmoMbJprfzNIQTZNiitK7P4=

esbuild-linux-mips64le@0.13.15:
  version "0.13.15"
  resolved "http://npm-registry.megvii-inc.com/esbuild-linux-mips64le/-/esbuild-linux-mips64le-0.13.15.tgz#36b07cc47c3d21e48db3bb1f4d9ef8f46aead4f7"
  integrity sha1-NrB8xHw9IeSNs7sfTZ749Grq1Pc=

esbuild-linux-ppc64le@0.13.15:
  version "0.13.15"
  resolved "http://npm-registry.megvii-inc.com/esbuild-linux-ppc64le/-/esbuild-linux-ppc64le-0.13.15.tgz#f7e6bba40b9a11eb9dcae5b01550ea04670edad2"
  integrity sha1-9+a7pAuaEeudyuWwFVDqBGcO2tI=

esbuild-netbsd-64@0.13.15:
  version "0.13.15"
  resolved "http://npm-registry.megvii-inc.com/esbuild-netbsd-64/-/esbuild-netbsd-64-0.13.15.tgz#a2fedc549c2b629d580a732d840712b08d440038"
  integrity sha1-ov7cVJwrYp1YCnMthAcSsI1EADg=

esbuild-openbsd-64@0.13.15:
  version "0.13.15"
  resolved "http://npm-registry.megvii-inc.com/esbuild-openbsd-64/-/esbuild-openbsd-64-0.13.15.tgz#b22c0e5806d3a1fbf0325872037f885306b05cd7"
  integrity sha1-siwOWAbTofvwMlhyA3+IUwawXNc=

esbuild-sunos-64@0.13.15:
  version "0.13.15"
  resolved "http://npm-registry.megvii-inc.com/esbuild-sunos-64/-/esbuild-sunos-64-0.13.15.tgz#d0b6454a88375ee8d3964daeff55c85c91c7cef4"
  integrity sha1-0LZFSog3XujTlk2u/1XIXJHHzvQ=

esbuild-windows-32@0.13.15:
  version "0.13.15"
  resolved "http://npm-registry.megvii-inc.com/esbuild-windows-32/-/esbuild-windows-32-0.13.15.tgz#c96d0b9bbb52f3303322582ef8e4847c5ad375a7"
  integrity sha1-yW0Lm7tS8zAzIlgu+OSEfFrTdac=

esbuild-windows-64@0.13.15:
  version "0.13.15"
  resolved "http://npm-registry.megvii-inc.com/esbuild-windows-64/-/esbuild-windows-64-0.13.15.tgz#1f79cb9b1e1bb02fb25cd414cb90d4ea2892c294"
  integrity sha1-H3nLmx4bsC+yXNQUy5DU6iiSwpQ=

esbuild-windows-arm64@0.13.15:
  version "0.13.15"
  resolved "http://npm-registry.megvii-inc.com/esbuild-windows-arm64/-/esbuild-windows-arm64-0.13.15.tgz#482173070810df22a752c686509c370c3be3b3c3"
  integrity sha1-SCFzBwgQ3yKnUsaGUJw3DDvjs8M=

esbuild@^0.13.12:
  version "0.13.15"
  resolved "http://npm-registry.megvii-inc.com/esbuild/-/esbuild-0.13.15.tgz#db56a88166ee373f87dbb2d8798ff449e0450cdf"
  integrity sha1-21aogWbuNz+H27LYeY/0SeBFDN8=
  optionalDependencies:
    esbuild-android-arm64 "0.13.15"
    esbuild-darwin-64 "0.13.15"
    esbuild-darwin-arm64 "0.13.15"
    esbuild-freebsd-64 "0.13.15"
    esbuild-freebsd-arm64 "0.13.15"
    esbuild-linux-32 "0.13.15"
    esbuild-linux-64 "0.13.15"
    esbuild-linux-arm "0.13.15"
    esbuild-linux-arm64 "0.13.15"
    esbuild-linux-mips64le "0.13.15"
    esbuild-linux-ppc64le "0.13.15"
    esbuild-netbsd-64 "0.13.15"
    esbuild-openbsd-64 "0.13.15"
    esbuild-sunos-64 "0.13.15"
    esbuild-windows-32 "0.13.15"
    esbuild-windows-64 "0.13.15"
    esbuild-windows-arm64 "0.13.15"

esprima@^4.0.0:
  version "4.0.1"
  resolved "http://npm-registry.megvii-inc.com/esprima/-/esprima-4.0.1.tgz#13b04cdb3e6c5d19df91ab6987a8695619b0aa71"
  integrity sha1-E7BM2z5sXRnfkatph6hpVhmwqnE=

estree-walker@^2.0.2:
  version "2.0.2"
  resolved "http://npm-registry.megvii-inc.com/estree-walker/-/estree-walker-2.0.2.tgz#52f010178c2a4c117a7757cfe942adb7d2da4cac"
  integrity sha1-UvAQF4wqTBF6d1fP6UKtt9LaTKw=

fill-range@^7.0.1:
  version "7.0.1"
  resolved "http://npm-registry.megvii-inc.com/fill-range/-/fill-range-7.0.1.tgz#1919a6a7c75fe38b2c7c77e5198535da9acdda40"
  integrity sha1-GRmmp8df44ssfHflGYU12prN2kA=
  dependencies:
    to-regex-range "^5.0.1"

front-matter@^4.0.0:
  version "4.0.2"
  resolved "http://npm-registry.megvii-inc.com/front-matter/-/front-matter-4.0.2.tgz#b14e54dc745cfd7293484f3210d15ea4edd7f4d5"
  integrity sha1-sU5U3HRc/XKTSE8yENFepO3X9NU=
  dependencies:
    js-yaml "^3.13.1"

fsevents@~2.3.2:
  version "2.3.2"
  resolved "http://npm-registry.megvii-inc.com/fsevents/-/fsevents-2.3.2.tgz#8a526f78b8fdf4623b709e0b975c52c24c02fd1a"
  integrity sha1-ilJveLj99GI7cJ4Ll1xSwkwC/Ro=

function-bind@^1.1.1:
  version "1.1.1"
  resolved "http://npm-registry.megvii-inc.com/function-bind/-/function-bind-1.1.1.tgz#a56899d3ea3c9bab874bb9773b7c5ede92f4895d"
  integrity sha1-pWiZ0+o8m6uHS7l3O3xe3pL0iV0=

get-intrinsic@^1.0.2:
  version "1.1.1"
  resolved "http://npm-registry.megvii-inc.com/get-intrinsic/-/get-intrinsic-1.1.1.tgz#15f59f376f855c446963948f0d24cd3637b4abc6"
  integrity sha1-FfWfN2+FXERpY5SPDSTNNje0q8Y=
  dependencies:
    function-bind "^1.1.1"
    has "^1.0.3"
    has-symbols "^1.0.1"

github-markdown-css@^5.1.0:
  version "5.1.0"
  resolved "http://npm-registry.megvii-inc.com/github-markdown-css/-/github-markdown-css-5.1.0.tgz#a96281cd90a8969e3c13b9d3ca6a733a523a00a6"
  integrity sha512-QLtORwHHtUHhPMHu7i4GKfP6Vx5CWZn+NKQXe+cBhslY1HEt0CTEkP4d/vSROKV0iIJSpl4UtlQ16AD8C6lMug==

glob-parent@~5.1.2:
  version "5.1.2"
  resolved "http://npm-registry.megvii-inc.com/glob-parent/-/glob-parent-5.1.2.tgz#869832c58034fe68a4093c17dc15e8340d8401c4"
  integrity sha1-hpgyxYA0/mikCTwX3BXoNA2EAcQ=
  dependencies:
    is-glob "^4.0.1"

has-symbols@^1.0.1, has-symbols@^1.0.2:
  version "1.0.2"
  resolved "http://npm-registry.megvii-inc.com/has-symbols/-/has-symbols-1.0.2.tgz#165d3070c00309752a1236a479331e3ac56f1423"
  integrity sha1-Fl0wcMADCXUqEjakeTMeOsVvFCM=

has-tostringtag@^1.0.0:
  version "1.0.0"
  resolved "http://npm-registry.megvii-inc.com/has-tostringtag/-/has-tostringtag-1.0.0.tgz#7e133818a7d394734f941e73c3d3f9291e658b25"
  integrity sha1-fhM4GKfTlHNPlB5zw9P5KR5liyU=
  dependencies:
    has-symbols "^1.0.2"

has@^1.0.3:
  version "1.0.3"
  resolved "http://npm-registry.megvii-inc.com/has/-/has-1.0.3.tgz#722d7cbfc1f6aa8241f16dd814e011e1f41e8796"
  integrity sha1-ci18v8H2qoJB8W3YFOAR4fQeh5Y=
  dependencies:
    function-bind "^1.1.1"

htmlparser2@^6.0.0:
  version "6.1.0"
  resolved "http://npm-registry.megvii-inc.com/htmlparser2/-/htmlparser2-6.1.0.tgz#c4d762b6c3371a05dbe65e94ae43a9f845fb8fb7"
  integrity sha1-xNditsM3GgXb5l6UrkOp+EX7j7c=
  dependencies:
    domelementtype "^2.0.1"
    domhandler "^4.0.0"
    domutils "^2.5.2"
    entities "^2.0.0"

htmlparser2@^7.1.2:
  version "7.2.0"
  resolved "http://npm-registry.megvii-inc.com/htmlparser2/-/htmlparser2-7.2.0.tgz#8817cdea38bbc324392a90b1990908e81a65f5a5"
  integrity sha1-iBfN6ji7wyQ5KpCxmQkI6Bpl9aU=
  dependencies:
    domelementtype "^2.0.1"
    domhandler "^4.2.2"
    domutils "^2.8.0"
    entities "^3.0.1"

immutable@^4.0.0:
  version "4.0.0"
  resolved "http://npm-registry.megvii-inc.com/immutable/-/immutable-4.0.0.tgz#b86f78de6adef3608395efb269a91462797e2c23"
  integrity sha1-uG943mre82CDle+yaakUYnl+LCM=

is-binary-path@~2.1.0:
  version "2.1.0"
  resolved "http://npm-registry.megvii-inc.com/is-binary-path/-/is-binary-path-2.1.0.tgz#ea1f7f3b80f064236e83470f86c09c254fb45b09"
  integrity sha1-6h9/O4DwZCNug0cPhsCcJU+0Wwk=
  dependencies:
    binary-extensions "^2.0.0"

is-core-module@^2.8.1:
  version "2.8.1"
  resolved "http://npm-registry.megvii-inc.com/is-core-module/-/is-core-module-2.8.1.tgz#f59fdfca701d5879d0a6b100a40aa1560ce27211"
  integrity sha512-SdNCUs284hr40hFTFP6l0IfZ/RSrMXF3qgoRHd3/79unUTvrFO/JoXwkGm+5J/Oe3E/b5GsnG330uUNgRpu1PA==
  dependencies:
    has "^1.0.3"

is-expression@^4.0.0:
  version "4.0.0"
  resolved "http://npm-registry.megvii-inc.com/is-expression/-/is-expression-4.0.0.tgz#c33155962abf21d0afd2552514d67d2ec16fd2ab"
  integrity sha1-wzFVliq/IdCv0lUlFNZ9LsFv0qs=
  dependencies:
    acorn "^7.1.1"
    object-assign "^4.1.1"

is-extglob@^2.1.1:
  version "2.1.1"
  resolved "http://npm-registry.megvii-inc.com/is-extglob/-/is-extglob-2.1.1.tgz#a88c02535791f02ed37c76a1b9ea9773c833f8c2"
  integrity sha1-qIwCU1eR8C7TfHahueqXc8gz+MI=

is-glob@^4.0.1, is-glob@~4.0.1:
  version "4.0.3"
  resolved "http://npm-registry.megvii-inc.com/is-glob/-/is-glob-4.0.3.tgz#64f61e42cbbb2eec2071a9dac0b28ba1e65d5084"
  integrity sha1-ZPYeQsu7LuwgcanawLKLoeZdUIQ=
  dependencies:
    is-extglob "^2.1.1"

is-number@^7.0.0:
  version "7.0.0"
  resolved "http://npm-registry.megvii-inc.com/is-number/-/is-number-7.0.0.tgz#7535345b896734d5f80c4d06c50955527a14f12b"
  integrity sha1-dTU0W4lnNNX4DE0GxQlVUnoU8Ss=

is-promise@^2.0.0:
  version "2.2.2"
  resolved "http://npm-registry.megvii-inc.com/is-promise/-/is-promise-2.2.2.tgz#39ab959ccbf9a774cf079f7b40c7a26f763135f1"
  integrity sha1-OauVnMv5p3TPB597QMeib3YxNfE=

is-regex@^1.0.3:
  version "1.1.4"
  resolved "http://npm-registry.megvii-inc.com/is-regex/-/is-regex-1.1.4.tgz#eef5663cd59fa4c0ae339505323df6854bb15958"
  integrity sha1-7vVmPNWfpMCuM5UFMj32hUuxWVg=
  dependencies:
    call-bind "^1.0.2"
    has-tostringtag "^1.0.0"

js-stringify@^1.0.2:
  version "1.0.2"
  resolved "http://npm-registry.megvii-inc.com/js-stringify/-/js-stringify-1.0.2.tgz#1736fddfd9724f28a3682adc6230ae7e4e9679db"
  integrity sha1-Fzb939lyTyijaCrcYjCufk6Weds=

js-yaml@^3.13.1:
  version "3.14.1"
  resolved "http://npm-registry.megvii-inc.com/js-yaml/-/js-yaml-3.14.1.tgz#dae812fdb3825fa306609a8717383c50c36a0537"
  integrity sha1-2ugS/bOCX6MGYJqHFzg8UMNqBTc=
  dependencies:
    argparse "^1.0.7"
    esprima "^4.0.0"

jsonc-parser@^2.3.0:
  version "2.3.1"
  resolved "http://npm-registry.megvii-inc.com/jsonc-parser/-/jsonc-parser-2.3.1.tgz#59549150b133f2efacca48fe9ce1ec0659af2342"
  integrity sha1-WVSRULEz8u+sykj+nOHsBlmvI0I=

jsonc-parser@^3.0.0:
  version "3.0.0"
  resolved "http://npm-registry.megvii-inc.com/jsonc-parser/-/jsonc-parser-3.0.0.tgz#abdd785701c7e7eaca8a9ec8cf070ca51a745a22"
  integrity sha1-q914VwHH5+rKip7IzwcMpRp0WiI=

jstransformer@1.0.0:
  version "1.0.0"
  resolved "http://npm-registry.megvii-inc.com/jstransformer/-/jstransformer-1.0.0.tgz#ed8bf0921e2f3f1ed4d5c1a44f68709ed24722c3"
  integrity sha1-7Yvwkh4vPx7U1cGkT2hwntJHIsM=
  dependencies:
    is-promise "^2.0.0"
    promise "^7.0.1"

linkify-it@^3.0.1:
  version "3.0.3"
  resolved "http://npm-registry.megvii-inc.com/linkify-it/-/linkify-it-3.0.3.tgz#a98baf44ce45a550efb4d49c769d07524cc2fa2e"
  integrity sha1-qYuvRM5FpVDvtNScdp0HUkzC+i4=
  dependencies:
    uc.micro "^1.0.1"

lru-cache@^6.0.0:
  version "6.0.0"
  resolved "http://npm-registry.megvii-inc.com/lru-cache/-/lru-cache-6.0.0.tgz#6d6fe6570ebd96aaf90fcad1dafa3b2566db3a94"
  integrity sha1-bW/mVw69lqr5D8rR2vo7JWbbOpQ=
  dependencies:
    yallist "^4.0.0"

magic-string@^0.25.7:
  version "0.25.7"
  resolved "http://npm-registry.megvii-inc.com/magic-string/-/magic-string-0.25.7.tgz#3f497d6fd34c669c6798dcb821f2ef31f5445051"
  integrity sha1-P0l9b9NMZpxnmNy4IfLvMfVEUFE=
  dependencies:
    sourcemap-codec "^1.4.4"

markdown-it@^12.0.0:
  version "12.3.2"
  resolved "http://npm-registry.megvii-inc.com/markdown-it/-/markdown-it-12.3.2.tgz#bf92ac92283fe983fe4de8ff8abfb5ad72cd0c90"
  integrity sha512-TchMembfxfNVpHkbtriWltGWc+m3xszaRD0CZup7GFFhzIgQqxIfn3eGj1yZpfuflzPvfkt611B2Q/Bsk1YnGg==
  dependencies:
    argparse "^2.0.1"
    entities "~2.1.0"
    linkify-it "^3.0.1"
    mdurl "^1.0.1"
    uc.micro "^1.0.5"

mdurl@^1.0.1:
  version "1.0.1"
  resolved "http://npm-registry.megvii-inc.com/mdurl/-/mdurl-1.0.1.tgz#fe85b2ec75a59037f2adfec100fd6c601761152e"
  integrity sha1-/oWy7HWlkDfyrf7BAP1sYBdhFS4=

nanoid@^3.2.0:
  version "3.2.0"
  resolved "http://npm-registry.megvii-inc.com/nanoid/-/nanoid-3.2.0.tgz#62667522da6673971cca916a6d3eff3f415ff80c"
  integrity sha512-fmsZYa9lpn69Ad5eDn7FMcnnSR+8R34W9qJEijxYhTbfOWzr22n1QxCMzXLK+ODyW2973V3Fux959iQoUxzUIA==

normalize-path@^3.0.0, normalize-path@~3.0.0:
  version "3.0.0"
  resolved "http://npm-registry.megvii-inc.com/normalize-path/-/normalize-path-3.0.0.tgz#0dcd69ff23a1c9b11fd0978316644a0388216a65"
  integrity sha1-Dc1p/yOhybEf0JeDFmRKA4ghamU=

object-assign@^4.1.1:
  version "4.1.1"
  resolved "http://npm-registry.megvii-inc.com/object-assign/-/object-assign-4.1.1.tgz#2109adc7965887cfc05cbbd442cac8bfbb360863"
  integrity sha1-IQmtx5ZYh8/AXLvUQsrIv7s2CGM=

path-parse@^1.0.7:
  version "1.0.7"
  resolved "http://npm-registry.megvii-inc.com/path-parse/-/path-parse-1.0.7.tgz#fbc114b60ca42b30d9daf5858e4bd68bbedb6735"
  integrity sha1-+8EUtgykKzDZ2vWFjkvWi77bZzU=

picocolors@^1.0.0:
  version "1.0.0"
  resolved "http://npm-registry.megvii-inc.com/picocolors/-/picocolors-1.0.0.tgz#cb5bdc74ff3f51892236eaf79d68bc44564ab81c"
  integrity sha1-y1vcdP8/UYkiNur3nWi8RFZKuBw=

picomatch@^2.0.4, picomatch@^2.2.1:
  version "2.3.1"
  resolved "http://npm-registry.megvii-inc.com/picomatch/-/picomatch-2.3.1.tgz#3ba3833733646d9d3e4995946c1365a67fb07a42"
  integrity sha512-JU3teHTNjmE2VCGFzuY8EXzCDVwEqB2a8fsIvwaStHhAWJEeVd1o1QD80CU6+ZdEXXSLbSsuLwJjkCBWqRQUVA==

postcss@^8.1.10, postcss@^8.4.5:
  version "8.4.6"
  resolved "http://npm-registry.megvii-inc.com/postcss/-/postcss-8.4.6.tgz#c5ff3c3c457a23864f32cb45ac9b741498a09ae1"
  integrity sha512-OovjwIzs9Te46vlEx7+uXB0PLijpwjXGKXjVGGPIGubGpq7uh5Xgf6D6FiJ/SzJMBosHDp6a2hiXOS97iBXcaA==
  dependencies:
    nanoid "^3.2.0"
    picocolors "^1.0.0"
    source-map-js "^1.0.2"

prismjs@^1.26.0:
  version "1.26.0"
  resolved "http://npm-registry.megvii-inc.com/prismjs/-/prismjs-1.26.0.tgz#16881b594828bb6b45296083a8cbab46b0accd47"
  integrity sha512-HUoH9C5Z3jKkl3UunCyiD5jwk0+Hz0fIgQ2nbwU2Oo/ceuTAQAg+pPVnfdt2TJWRVLcxKh9iuoYDUSc8clb5UQ==

promise@^7.0.1:
  version "7.3.1"
  resolved "http://npm-registry.megvii-inc.com/promise/-/promise-7.3.1.tgz#064b72602b18f90f29192b8b1bc418ffd1ebd3bf"
  integrity sha1-BktyYCsY+Q8pGSuLG8QY/9Hr078=
  dependencies:
    asap "~2.0.3"

pug-attrs@^3.0.0:
  version "3.0.0"
  resolved "http://npm-registry.megvii-inc.com/pug-attrs/-/pug-attrs-3.0.0.tgz#b10451e0348165e31fad1cc23ebddd9dc7347c41"
  integrity sha1-sQRR4DSBZeMfrRzCPr3dncc0fEE=
  dependencies:
    constantinople "^4.0.1"
    js-stringify "^1.0.2"
    pug-runtime "^3.0.0"

pug-code-gen@^3.0.2:
  version "3.0.2"
  resolved "http://npm-registry.megvii-inc.com/pug-code-gen/-/pug-code-gen-3.0.2.tgz#ad190f4943133bf186b60b80de483100e132e2ce"
  integrity sha1-rRkPSUMTO/GGtguA3kgxAOEy4s4=
  dependencies:
    constantinople "^4.0.1"
    doctypes "^1.1.0"
    js-stringify "^1.0.2"
    pug-attrs "^3.0.0"
    pug-error "^2.0.0"
    pug-runtime "^3.0.0"
    void-elements "^3.1.0"
    with "^7.0.0"

pug-error@^2.0.0:
  version "2.0.0"
  resolved "http://npm-registry.megvii-inc.com/pug-error/-/pug-error-2.0.0.tgz#5c62173cb09c34de2a2ce04f17b8adfec74d8ca5"
  integrity sha1-XGIXPLCcNN4qLOBPF7it/sdNjKU=

pug-filters@^4.0.0:
  version "4.0.0"
  resolved "http://npm-registry.megvii-inc.com/pug-filters/-/pug-filters-4.0.0.tgz#d3e49af5ba8472e9b7a66d980e707ce9d2cc9b5e"
  integrity sha1-0+Sa9bqEcum3pm2YDnB86dLMm14=
  dependencies:
    constantinople "^4.0.1"
    jstransformer "1.0.0"
    pug-error "^2.0.0"
    pug-walk "^2.0.0"
    resolve "^1.15.1"

pug-lexer@^5.0.1:
  version "5.0.1"
  resolved "http://npm-registry.megvii-inc.com/pug-lexer/-/pug-lexer-5.0.1.tgz#ae44628c5bef9b190b665683b288ca9024b8b0d5"
  integrity sha1-rkRijFvvmxkLZlaDsojKkCS4sNU=
  dependencies:
    character-parser "^2.2.0"
    is-expression "^4.0.0"
    pug-error "^2.0.0"

pug-linker@^4.0.0:
  version "4.0.0"
  resolved "http://npm-registry.megvii-inc.com/pug-linker/-/pug-linker-4.0.0.tgz#12cbc0594fc5a3e06b9fc59e6f93c146962a7708"
  integrity sha1-EsvAWU/Fo+Brn8Web5PBRpYqdwg=
  dependencies:
    pug-error "^2.0.0"
    pug-walk "^2.0.0"

pug-load@^3.0.0:
  version "3.0.0"
  resolved "http://npm-registry.megvii-inc.com/pug-load/-/pug-load-3.0.0.tgz#9fd9cda52202b08adb11d25681fb9f34bd41b662"
  integrity sha1-n9nNpSICsIrbEdJWgfufNL1BtmI=
  dependencies:
    object-assign "^4.1.1"
    pug-walk "^2.0.0"

pug-parser@^6.0.0:
  version "6.0.0"
  resolved "http://npm-registry.megvii-inc.com/pug-parser/-/pug-parser-6.0.0.tgz#a8fdc035863a95b2c1dc5ebf4ecf80b4e76a1260"
  integrity sha1-qP3ANYY6lbLB3F6/Ts+AtOdqEmA=
  dependencies:
    pug-error "^2.0.0"
    token-stream "1.0.0"

pug-runtime@^3.0.0, pug-runtime@^3.0.1:
  version "3.0.1"
  resolved "http://npm-registry.megvii-inc.com/pug-runtime/-/pug-runtime-3.0.1.tgz#f636976204723f35a8c5f6fad6acda2a191b83d7"
  integrity sha1-9jaXYgRyPzWoxfb61qzaKhkbg9c=

pug-strip-comments@^2.0.0:
  version "2.0.0"
  resolved "http://npm-registry.megvii-inc.com/pug-strip-comments/-/pug-strip-comments-2.0.0.tgz#f94b07fd6b495523330f490a7f554b4ff876303e"
  integrity sha1-+UsH/WtJVSMzD0kKf1VLT/h2MD4=
  dependencies:
    pug-error "^2.0.0"

pug-walk@^2.0.0:
  version "2.0.0"
  resolved "http://npm-registry.megvii-inc.com/pug-walk/-/pug-walk-2.0.0.tgz#417aabc29232bb4499b5b5069a2b2d2a24d5f5fe"
  integrity sha1-QXqrwpIyu0SZtbUGmistKiTV9f4=

pug@^3.0.2:
  version "3.0.2"
  resolved "http://npm-registry.megvii-inc.com/pug/-/pug-3.0.2.tgz#f35c7107343454e43bc27ae0ff76c731b78ea535"
  integrity sha1-81xxBzQ0VOQ7wnrg/3bHMbeOpTU=
  dependencies:
    pug-code-gen "^3.0.2"
    pug-filters "^4.0.0"
    pug-lexer "^5.0.1"
    pug-linker "^4.0.0"
    pug-load "^3.0.0"
    pug-parser "^6.0.0"
    pug-runtime "^3.0.1"
    pug-strip-comments "^2.0.0"

readdirp@~3.6.0:
  version "3.6.0"
  resolved "http://npm-registry.megvii-inc.com/readdirp/-/readdirp-3.6.0.tgz#74a370bd857116e245b29cc97340cd431a02a6c7"
  integrity sha1-dKNwvYVxFuJFspzJc0DNQxoCpsc=
  dependencies:
    picomatch "^2.2.1"

request-light@^0.5.4:
  version "0.5.7"
  resolved "http://npm-registry.megvii-inc.com/request-light/-/request-light-0.5.7.tgz#1c448c22153b55d2cd278eb414df24a5ad6e6d5e"
  integrity sha512-i/wKzvcx7Er8tZnvqSxWuNO5ZGggu2UgZAqj/RyZ0si7lBTXL7kZiI/dWxzxnQjaY7s5HEy1qK21Do4Ncr6cVw==

resolve@^1.15.1, resolve@^1.20.0:
  version "1.22.0"
  resolved "http://npm-registry.megvii-inc.com/resolve/-/resolve-1.22.0.tgz#5e0b8c67c15df57a89bdbabe603a002f21731198"
  integrity sha512-Hhtrw0nLeSrFQ7phPp4OOcVjLPIeMnRlr5mcnVuMe7M/7eBn98A3hmFRLoFo3DLZkivSYwhRUJTyPyWAk56WLw==
  dependencies:
    is-core-module "^2.8.1"
    path-parse "^1.0.7"
    supports-preserve-symlinks-flag "^1.0.0"

rollup@^2.59.0:
  version "2.67.1"
  resolved "http://npm-registry.megvii-inc.com/rollup/-/rollup-2.67.1.tgz#4402665706fa00f321d446ce45f880e02cf54f01"
  integrity sha512-1Sbcs4OuW+aD+hhqpIRl+RqooIpF6uQcfzU/QSI7vGkwADY6cM4iLsBGRM2CGLXDTDN5y/yShohFmnKegSPWzg==
  optionalDependencies:
    fsevents "~2.3.2"

sass@^1.49.7:
  version "1.49.7"
  resolved "http://npm-registry.megvii-inc.com/sass/-/sass-1.49.7.tgz#22a86a50552b9b11f71404dfad1b9ff44c6b0c49"
  integrity sha512-13dml55EMIR2rS4d/RDHHP0sXMY3+30e1TKsyXaSz3iLWVoDWEoboY8WzJd5JMnxrRHffKO3wq2mpJ0jxRJiEQ==
  dependencies:
    chokidar ">=3.0.0 <4.0.0"
    immutable "^4.0.0"
    source-map-js ">=0.6.2 <2.0.0"

semver@^7.3.5:
  version "7.3.5"
  resolved "http://npm-registry.megvii-inc.com/semver/-/semver-7.3.5.tgz#0b621c879348d8998e4b0e4be94b3f12e6018ef7"
  integrity sha1-C2Ich5NI2JmOSw5L6Us/EuYBjvc=
  dependencies:
    lru-cache "^6.0.0"

"source-map-js@>=0.6.2 <2.0.0", source-map-js@^1.0.2:
  version "1.0.2"
  resolved "http://npm-registry.megvii-inc.com/source-map-js/-/source-map-js-1.0.2.tgz#adbc361d9c62df380125e7f161f71c826f1e490c"
  integrity sha512-R0XvVJ9WusLiqTCEiGCmICCMplcCkIwwR11mOSD9CR5u+IXYdiseeEuXCVAjS54zqwkLcPNnmU4OeJ6tUrWhDw==

source-map@^0.6.1:
  version "0.6.1"
  resolved "http://npm-registry.megvii-inc.com/source-map/-/source-map-0.6.1.tgz#74722af32e9614e9c287a8d0bbde48b5e2f1a263"
  integrity sha1-dHIq8y6WFOnCh6jQu95IteLxomM=

sourcemap-codec@^1.4.4:
  version "1.4.8"
  resolved "http://npm-registry.megvii-inc.com/sourcemap-codec/-/sourcemap-codec-1.4.8.tgz#ea804bd94857402e6992d05a38ef1ae35a9ab4c4"
  integrity sha1-6oBL2UhXQC5pktBaOO8a41qatMQ=

sprintf-js@~1.0.2:
  version "1.0.3"
  resolved "http://npm-registry.megvii-inc.com/sprintf-js/-/sprintf-js-1.0.3.tgz#04e6926f662895354f3dd015203633b857297e2c"
  integrity sha1-BOaSb2YolTVPPdAVIDYzuFcpfiw=

supports-preserve-symlinks-flag@^1.0.0:
  version "1.0.0"
  resolved "http://npm-registry.megvii-inc.com/supports-preserve-symlinks-flag/-/supports-preserve-symlinks-flag-1.0.0.tgz#6eda4bd344a3c94aea376d4cc31bc77311039e09"
  integrity sha512-ot0WnXS9fgdkgIcePe6RHNk1WA8+muPa6cSjeR3V8K27q9BB1rTE3R1p7Hv0z1ZyAc8s6Vvv8DIyWf681MAt0w==

to-fast-properties@^2.0.0:
  version "2.0.0"
  resolved "http://npm-registry.megvii-inc.com/to-fast-properties/-/to-fast-properties-2.0.0.tgz#dc5e698cbd079265bc73e0377681a4e4e83f616e"
  integrity sha1-3F5pjL0HkmW8c+A3doGk5Og/YW4=

to-regex-range@^5.0.1:
  version "5.0.1"
  resolved "http://npm-registry.megvii-inc.com/to-regex-range/-/to-regex-range-5.0.1.tgz#1648c44aae7c8d988a326018ed72f5b4dd0392e4"
  integrity sha1-FkjESq58jZiKMmAY7XL1tN0DkuQ=
  dependencies:
    is-number "^7.0.0"

token-stream@1.0.0:
  version "1.0.0"
  resolved "http://npm-registry.megvii-inc.com/token-stream/-/token-stream-1.0.0.tgz#cc200eab2613f4166d27ff9afc7ca56d49df6eb4"
  integrity sha1-zCAOqyYT9BZtJ/+a/HylbUnfbrQ=

typescript@^4.4.4:
  version "4.5.5"
  resolved "http://npm-registry.megvii-inc.com/typescript/-/typescript-4.5.5.tgz#d8c953832d28924a9e3d37c73d729c846c5896f3"
  integrity sha512-TCTIul70LyWe6IJWT8QSYeA54WQe8EjQFU4wY52Fasj5UKx88LNYKCgBEHcOMOrFF1rKGbD8v/xcNWVUq9SymA==

uc.micro@^1.0.1, uc.micro@^1.0.5:
  version "1.0.6"
  resolved "http://npm-registry.megvii-inc.com/uc.micro/-/uc.micro-1.0.6.tgz#9c411a802a409a91fc6cf74081baba34b24499ac"
  integrity sha1-nEEagCpAmpH8bPdAgbq6NLJEmaw=

upath@^2.0.1:
  version "2.0.1"
  resolved "http://npm-registry.megvii-inc.com/upath/-/upath-2.0.1.tgz#50c73dea68d6f6b990f51d279ce6081665d61a8b"
  integrity sha1-UMc96mjW9rmQ9R0nnOYIFmXWGos=

vite-plugin-markdown@^2.0.2:
  version "2.0.2"
  resolved "http://npm-registry.megvii-inc.com/vite-plugin-markdown/-/vite-plugin-markdown-2.0.2.tgz#7e8dce8349713e9bda1184f13092d4b87d3672c3"
  integrity sha512-vNEd/BGpWg4A4h7Pa9bnp80yfi4CARtlPpw7Lx5aDliDoaJUsb7dv/uElc1PqL3H1vcSNbYmbS7N9AiuGoI5Eg==
  dependencies:
    front-matter "^4.0.0"
    htmlparser2 "^6.0.0"
    markdown-it "^12.0.0"

vite@^2.7.2:
  version "2.7.13"
  resolved "http://npm-registry.megvii-inc.com/vite/-/vite-2.7.13.tgz#99b56e27dfb1e4399e407cf94648f5c7fb9d77f5"
  integrity sha512-Mq8et7f3aK0SgSxjDNfOAimZGW9XryfHRa/uV0jseQSilg+KhYDSoNb9h1rknOy6SuMkvNDLKCYAYYUMCE+IgQ==
  dependencies:
    esbuild "^0.13.12"
    postcss "^8.4.5"
    resolve "^1.20.0"
    rollup "^2.59.0"
  optionalDependencies:
    fsevents "~2.3.2"

void-elements@^3.1.0:
  version "3.1.0"
  resolved "http://npm-registry.megvii-inc.com/void-elements/-/void-elements-3.1.0.tgz#614f7fbf8d801f0bb5f0661f5b2f5785750e4f09"
  integrity sha1-YU9/v42AHwu18GYfWy9XhXUOTwk=

vscode-css-languageservice@^5.1.7:
  version "5.1.12"
  resolved "http://npm-registry.megvii-inc.com/vscode-css-languageservice/-/vscode-css-languageservice-5.1.12.tgz#eed3a6a1bb8a7a70636ef07cd742a034c71635a1"
  integrity sha512-293C5C2732Rbhh3opTs+nQBpC5Dd+oYrEA8lc0OWdyt40oYmJ331FV7NMF1SLFSIcOFB5XveLiWUZak2oyc49Q==
  dependencies:
    vscode-languageserver-textdocument "^1.0.1"
    vscode-languageserver-types "^3.16.0"
    vscode-nls "^5.0.0"
    vscode-uri "^3.0.2"

vscode-html-languageservice@^4.1.0:
  version "4.2.1"
  resolved "http://npm-registry.megvii-inc.com/vscode-html-languageservice/-/vscode-html-languageservice-4.2.1.tgz#b95077cffd19bf187e53c7bf79e3e0dd7edbc7cf"
  integrity sha512-PgaToZVXJ44nFWEBuSINdDgVV6EnpC3MnXBsysR3O5TKcAfywbYeRGRy+Y4dVR7YeUgDvtb+JkJoSkaYC0mxXQ==
  dependencies:
    vscode-languageserver-textdocument "^1.0.1"
    vscode-languageserver-types "^3.16.0"
    vscode-nls "^5.0.0"
    vscode-uri "^3.0.2"

vscode-json-languageservice@^4.1.8:
  version "4.2.0"
  resolved "http://npm-registry.megvii-inc.com/vscode-json-languageservice/-/vscode-json-languageservice-4.2.0.tgz#df0693b69ba2fbf0a6add896087b6f1c9c38f06a"
  integrity sha512-XNawv0Vdy/sUK0S+hGf7cq/qsVAbIniGJr89TvZOqMCNJmpgKTy1e8PL1aWW0uy6BfWMG7vxa5lZb3ypuFtuGQ==
  dependencies:
    jsonc-parser "^3.0.0"
    vscode-languageserver-textdocument "^1.0.3"
    vscode-languageserver-types "^3.16.0"
    vscode-nls "^5.0.0"
    vscode-uri "^3.0.3"

vscode-jsonrpc@8.0.0-next.6, vscode-jsonrpc@^8.0.0-next.2:
  version "8.0.0-next.6"
  resolved "http://npm-registry.megvii-inc.com/vscode-jsonrpc/-/vscode-jsonrpc-8.0.0-next.6.tgz#981f7c065ecc7e7e8595f9da6d073ac592b34114"
  integrity sha512-6Ld3RYjygn5Ih7CkAtcAwiDQC+rakj2O+PnASfNyYv3sLmm44eJpEKzuPUN30Iy2UB09AZg8T6LBKWTJTEJDVw==

vscode-languageserver-protocol@3.17.0-next.14:
  version "3.17.0-next.14"
  resolved "http://npm-registry.megvii-inc.com/vscode-languageserver-protocol/-/vscode-languageserver-protocol-3.17.0-next.14.tgz#d3500bef2ad2889385cda4802acfe6549842164d"
  integrity sha512-iangobY8dL6sFZkOx4OhRPJM9gN0I1caUsOVR+MnPozsqQUtwMXmbIcfaIf0Akp0pd3KhJDPf/tdwRX68QGeeA==
  dependencies:
    vscode-jsonrpc "8.0.0-next.6"
    vscode-languageserver-types "3.17.0-next.7"

vscode-languageserver-textdocument@^1.0.1, vscode-languageserver-textdocument@^1.0.3:
  version "1.0.4"
  resolved "http://npm-registry.megvii-inc.com/vscode-languageserver-textdocument/-/vscode-languageserver-textdocument-1.0.4.tgz#3cd56dd14cec1d09e86c4bb04b09a246cb3df157"
  integrity sha512-/xhqXP/2A2RSs+J8JNXpiiNVvvNM0oTosNVmQnunlKvq9o4mupHOBAnnzH0lwIPKazXKvAKsVp1kr+H/K4lgoQ==

vscode-languageserver-types@3.17.0-next.7:
  version "3.17.0-next.7"
  resolved "http://npm-registry.megvii-inc.com/vscode-languageserver-types/-/vscode-languageserver-types-3.17.0-next.7.tgz#3e41ebb290c95bb38595f568a9963212626290cc"
  integrity sha512-KH4zdG1qBXxoso61ChgpeoZYyHGJo8bV7Jv4I+fwQ1Ryy59JAxoZ9GAbhR5TeeafHctLcg6RFvY3m8Jqfu17cg==

vscode-languageserver-types@^3.15.1, vscode-languageserver-types@^3.16.0:
  version "3.16.0"
  resolved "http://npm-registry.megvii-inc.com/vscode-languageserver-types/-/vscode-languageserver-types-3.16.0.tgz#ecf393fc121ec6974b2da3efb3155644c514e247"
  integrity sha1-7POT/BIexpdLLaPvsxVWRMUU4kc=

vscode-languageserver@^8.0.0-next.2:
  version "8.0.0-next.8"
  resolved "http://npm-registry.megvii-inc.com/vscode-languageserver/-/vscode-languageserver-8.0.0-next.8.tgz#86ef42fb296ab338b800e83e478d0f687805c170"
  integrity sha512-Gq0uqKbOgw7YNwPxMoNCeh7mHKMhG5j6EuoSh+w5pnKd7Eu9a74cagqf9aZDVFWW6GRpqR/Z+1o6EXqDK+g2Tg==
  dependencies:
    vscode-languageserver-protocol "3.17.0-next.14"

vscode-nls@^5.0.0:
  version "5.0.0"
  resolved "http://npm-registry.megvii-inc.com/vscode-nls/-/vscode-nls-5.0.0.tgz#99f0da0bd9ea7cda44e565a74c54b1f2bc257840"
  integrity sha1-mfDaC9nqfNpE5WWnTFSx8rwleEA=

vscode-pug-languageservice@0.29.8:
  version "0.29.8"
  resolved "http://npm-registry.megvii-inc.com/vscode-pug-languageservice/-/vscode-pug-languageservice-0.29.8.tgz#3d95f974bc273ddd8f5a8fb5d3ac8064b2dc63d1"
  integrity sha512-QHYAzDSJLg7GOLxCZ12qsM0dAM0dPeMSS1t4kKfzLsfpErmZpFzkAIXbidVrNMdMffGZMtTuIlcpEyWHbx96Iw==
  dependencies:
    "@volar/code-gen" "0.29.8"
    "@volar/shared" "0.29.8"
    "@volar/source-map" "0.29.8"
    "@volar/transforms" "0.29.8"
    pug-lexer "^5.0.1"
    pug-parser "^6.0.0"
    vscode-languageserver "^8.0.0-next.2"

vscode-typescript-languageservice@0.29.8:
  version "0.29.8"
  resolved "http://npm-registry.megvii-inc.com/vscode-typescript-languageservice/-/vscode-typescript-languageservice-0.29.8.tgz#370572e8c99c8b8190733a4bfc1b45c5f91aa044"
  integrity sha512-eecDqHk4WjEvy6VHQ6teHczppQ9yJO2wExCy7yu7WiFj35qbw0h4G6Erv46MvP3ClL8FggFzD7s1qM6vdqJUfw==
  dependencies:
    "@volar/shared" "0.29.8"
    semver "^7.3.5"
    upath "^2.0.1"
    vscode-languageserver "^8.0.0-next.2"
    vscode-languageserver-textdocument "^1.0.1"

vscode-uri@^2.1.2:
  version "2.1.2"
  resolved "http://npm-registry.megvii-inc.com/vscode-uri/-/vscode-uri-2.1.2.tgz#c8d40de93eb57af31f3c715dd650e2ca2c096f1c"
  integrity sha1-yNQN6T61evMfPHFd1lDiyiwJbxw=

vscode-uri@^3.0.2, vscode-uri@^3.0.3:
  version "3.0.3"
  resolved "http://npm-registry.megvii-inc.com/vscode-uri/-/vscode-uri-3.0.3.tgz#a95c1ce2e6f41b7549f86279d19f47951e4f4d84"
  integrity sha512-EcswR2S8bpR7fD0YPeS7r2xXExrScVMxg4MedACaWHEtx9ftCF/qHG1xGkolzTPcEmjTavCQgbVzHUIdTMzFGA==

vscode-vue-languageservice@0.29.8:
  version "0.29.8"
  resolved "http://npm-registry.megvii-inc.com/vscode-vue-languageservice/-/vscode-vue-languageservice-0.29.8.tgz#6d59aab4fb94215b99b6f7d0e2ab73babd398d05"
  integrity sha512-qSJdvW5ttyGUB/8uWDKgo8vnIoFnXYlBP4Z/cn54btsRn6ZMw7IJGJU1381e7p/yGvMTLeGbugD53SghbnSa6g==
  dependencies:
    "@volar/code-gen" "0.29.8"
    "@volar/html2pug" "0.29.8"
    "@volar/shared" "0.29.8"
    "@volar/source-map" "0.29.8"
    "@volar/transforms" "0.29.8"
    "@volar/vue-code-gen" "0.29.8"
    "@vscode/emmet-helper" "^2.8.0"
    "@vue/reactivity" "^3.2.21"
    "@vue/shared" "^3.2.21"
    request-light "^0.5.4"
    upath "^2.0.1"
    vscode-css-languageservice "^5.1.7"
    vscode-html-languageservice "^4.1.0"
    vscode-json-languageservice "^4.1.8"
    vscode-languageserver "^8.0.0-next.2"
    vscode-languageserver-textdocument "^1.0.1"
    vscode-pug-languageservice "0.29.8"
    vscode-typescript-languageservice "0.29.8"

vue-router@^4.0.12:
  version "4.0.12"
  resolved "http://npm-registry.megvii-inc.com/vue-router/-/vue-router-4.0.12.tgz#8dc792cddf5bb1abcc3908f9064136de7e13c460"
  integrity sha1-jceSzd9bsavMOQj5BkE23n4TxGA=
  dependencies:
    "@vue/devtools-api" "^6.0.0-beta.18"

vue-tsc@^0.29.8:
  version "0.29.8"
  resolved "http://npm-registry.megvii-inc.com/vue-tsc/-/vue-tsc-0.29.8.tgz#f4d8de5dd8756107c878489ccf9178d2d72fff47"
  integrity sha512-pT0wLRjvRuSmB+J4WJT6uuV9mO0KtSSXEAtaVXZQzyk5+DJdbLIQTbRce/TXSkfqt1l1WogO78RjtOJFiMCgfQ==
  dependencies:
    "@volar/shared" "0.29.8"
    vscode-vue-languageservice "0.29.8"

vue@^3.2.25:
  version "3.2.30"
  resolved "http://npm-registry.megvii-inc.com/vue/-/vue-3.2.30.tgz#47de3039631ac22cab2fd26b427575260199b8bb"
  integrity sha512-ZmTFWVJUX2XADkuOB8GcLTuxnBLogjJBTNVrM7WsTnjqRQ+VR8bLNrvNsbn8vj/LaP5+0WFAPrpngOYE2x+e+Q==
  dependencies:
    "@vue/compiler-dom" "3.2.30"
    "@vue/compiler-sfc" "3.2.30"
    "@vue/runtime-dom" "3.2.30"
    "@vue/server-renderer" "3.2.30"
    "@vue/shared" "3.2.30"

with@^7.0.0:
  version "7.0.2"
  resolved "http://npm-registry.megvii-inc.com/with/-/with-7.0.2.tgz#ccee3ad542d25538a7a7a80aad212b9828495bac"
  integrity sha1-zO461ULSVTinp6gKrSErmChJW6w=
  dependencies:
    "@babel/parser" "^7.9.6"
    "@babel/types" "^7.9.6"
    assert-never "^1.2.1"
    babel-walk "3.0.0-canary-5"

yallist@^4.0.0:
  version "4.0.0"
  resolved "http://npm-registry.megvii-inc.com/yallist/-/yallist-4.0.0.tgz#9bb92790d9c0effec63be73519e11a35019a3a72"
  integrity sha1-m7knkNnA7/7GO+c1GeEaNQGaOnI=
